
Microsoft Visual Studio Solution File, Format Version 12.00
# Visual Studio 15
VisualStudioVersion = 15.0.27130.2010
MinimumVisualStudioVersion = 10.0.40219.1
Project("{FAE04EC0-301F-11D3-BF4B-00C04F79EFBC}") = "Project 7", "Project 7\Project 7.csproj", "{CC1FB9D4-9D9C-4FB2-9F54-1E55B8264E67}"
EndProject
Global
	GlobalSection(SolutionConfigurationPlatforms) = preSolution
		Debug|Any CPU = Debug|Any CPU
		Release|Any CPU = Release|Any CPU
	EndGlobalSection
	GlobalSection(ProjectConfigurationPlatforms) = postSolution
		{CC1FB9D4-9D9C-4FB2-9F54-1E55B8264E67}.Debug|Any CPU.ActiveCfg = Debug|Any CPU
		{CC1FB9D4-9D9C-4FB2-9F54-1E55B8264E67}.Debug|Any CPU.Build.0 = Debug|Any CPU
		{CC1FB9D4-9D9C-4FB2-9F54-1E55B8264E67}.Release|Any CPU.ActiveCfg = Release|Any CPU
		{CC1FB9D4-9D9C-4FB2-9F54-1E55B8264E67}.Release|Any CPU.Build.0 = Release|Any CPU
	EndGlobalSection
	GlobalSection(SolutionProperties) = preSolution
		HideSolutionNode = FALSE
	EndGlobalSection
	GlobalSection(ExtensibilityGlobals) = postSolution
		SolutionGuid = {97566102-3A93-4C3F-BABE-70E581484BC8}
	EndGlobalSection
EndGlobal
